
Microsoft Visual Studio Solution File, Format Version 12.00
# Visual Studio Version 17
VisualStudioVersion = 17.7.34031.279
MinimumVisualStudioVersion = 10.0.40219.1
Project("{9A19103F-16F7-4668-BE54-9A1E7A4F7556}") = "Shop", "Shop\Shop.csproj", "{C3AF121D-535A-45B4-AF6D-F051B7D730B7}"
EndProject
Project("{9A19103F-16F7-4668-BE54-9A1E7A4F7556}") = "DataAccess", "..\Folders\ShopOLX\DataAccess\DataAccess.csproj", "{BE758233-5D07-4997-834C-7D87C0052269}"
EndProject
Project("{FAE04EC0-301F-11D3-BF4B-00C04F79EFBC}") = "BusinessLogic", "BusinessLogic\BusinessLogic.csproj", "{BA75E3B9-25E9-49A6-846A-E66DAD90D66B}"
EndProject
Global
	GlobalSection(SolutionConfigurationPlatforms) = preSolution
		Debug|Any CPU = Debug|Any CPU
		Release|Any CPU = Release|Any CPU
	EndGlobalSection
	GlobalSection(ProjectConfigurationPlatforms) = postSolution
		{C3AF121D-535A-45B4-AF6D-F051B7D730B7}.Debug|Any CPU.ActiveCfg = Debug|Any CPU
		{C3AF121D-535A-45B4-AF6D-F051B7D730B7}.Debug|Any CPU.Build.0 = Debug|Any CPU
		{C3AF121D-535A-45B4-AF6D-F051B7D730B7}.Release|Any CPU.ActiveCfg = Release|Any CPU
		{C3AF121D-535A-45B4-AF6D-F051B7D730B7}.Release|Any CPU.Build.0 = Release|Any CPU
		{BE758233-5D07-4997-834C-7D87C0052269}.Debug|Any CPU.ActiveCfg = Debug|Any CPU
		{BE758233-5D07-4997-834C-7D87C0052269}.Debug|Any CPU.Build.0 = Debug|Any CPU
		{BE758233-5D07-4997-834C-7D87C0052269}.Release|Any CPU.ActiveCfg = Release|Any CPU
		{BE758233-5D07-4997-834C-7D87C0052269}.Release|Any CPU.Build.0 = Release|Any CPU
		{BA75E3B9-25E9-49A6-846A-E66DAD90D66B}.Debug|Any CPU.ActiveCfg = Debug|Any CPU
		{BA75E3B9-25E9-49A6-846A-E66DAD90D66B}.Debug|Any CPU.Build.0 = Debug|Any CPU
		{BA75E3B9-25E9-49A6-846A-E66DAD90D66B}.Release|Any CPU.ActiveCfg = Release|Any CPU
		{BA75E3B9-25E9-49A6-846A-E66DAD90D66B}.Release|Any CPU.Build.0 = Release|Any CPU
	EndGlobalSection
	GlobalSection(SolutionProperties) = preSolution
		HideSolutionNode = FALSE
	EndGlobalSection
	GlobalSection(ExtensibilityGlobals) = postSolution
		SolutionGuid = {D15F0CD2-6674-4181-A9DD-6D075159B89A}
	EndGlobalSection
EndGlobal
